// !$*UTF8*$!
{
	archiveVersion = 1;
	classes = {
	};
	objectVersion = 55;
	objects = {

/* Begin PBXBuildFile section */
		005CD33CAB5747C6A05F82A9 /* Poppins Regular.ttf in Resources */ = {isa = PBXBuildFile; fileRef = A1C6516F50B14DCCB7D25688 /* Poppins Regular.ttf */; };
		00E356F31AD99517003FC87E /* Khata_BookTests.m in Sources */ = {isa = PBXBuildFile; fileRef = 00E356F21AD99517003FC87E /* Khata_BookTests.m */; };
		13B07FBC1A68108700A75B9A /* AppDelegate.mm in Sources */ = {isa = PBXBuildFile; fileRef = 13B07FB01A68108700A75B9A /* AppDelegate.mm */; };
		13B07FBF1A68108700A75B9A /* Images.xcassets in Resources */ = {isa = PBXBuildFile; fileRef = 13B07FB51A68108700A75B9A /* Images.xcassets */; };
		13B07FC11A68108700A75B9A /* main.m in Sources */ = {isa = PBXBuildFile; fileRef = 13B07FB71A68108700A75B9A /* main.m */; };
		14305F0164BB4966A4FC04C9 /* Poppins-ExtraBoldItalic.ttf in Resources */ = {isa = PBXBuildFile; fileRef = B9B04FF5363A4C93AA16761A /* Poppins-ExtraBoldItalic.ttf */; };
		1729251955574D51AF881179 /* Poppins-SemiBoldItalic.ttf in Resources */ = {isa = PBXBuildFile; fileRef = C3B8914948844D11B7CCF1EE /* Poppins-SemiBoldItalic.ttf */; };
		1DBDC0AD22FF4A6CBB4DBE1A /* Roboto Bold.ttf in Resources */ = {isa = PBXBuildFile; fileRef = 5DF64F92BCB74FA0BE6CB7A8 /* Roboto Bold.ttf */; };
		1EE5FF82EF72472AB9A5E58A /* Poppins-Thin.ttf in Resources */ = {isa = PBXBuildFile; fileRef = 575886C7B8D84B4CA88473F0 /* Poppins-Thin.ttf */; };
		258E3451B92E4480889B8473 /* Roboto Black Italic.ttf in Resources */ = {isa = PBXBuildFile; fileRef = 980750422C764528A0369B48 /* Roboto Black Italic.ttf */; };
		2692687BA31B489ABAB3DDF3 /* Poppins-BoldItalic.ttf in Resources */ = {isa = PBXBuildFile; fileRef = 440F88A0CE2C417083EFC1D9 /* Poppins-BoldItalic.ttf */; };
		28BB32B5331842C68A1F5B15 /* Oswald-Light.ttf in Resources */ = {isa = PBXBuildFile; fileRef = 0F2E7DC04AE849CEB0B9CFD0 /* Oswald-Light.ttf */; };
		290BA5BC934D44689BC0690A /* Poppins-Black.ttf in Resources */ = {isa = PBXBuildFile; fileRef = E6F9F29674B74099AA617BB4 /* Poppins-Black.ttf */; };
		2A0FF144C1AA4F079E750D34 /* Poppins-LightItalic.ttf in Resources */ = {isa = PBXBuildFile; fileRef = 3D93BAC3AC5C482BA9E323E2 /* Poppins-LightItalic.ttf */; };
		2AAF5D7300B3403994E367E2 /* Poppins-SemiBold.ttf in Resources */ = {isa = PBXBuildFile; fileRef = 97B7FF3292F2416BAF318854 /* Poppins-SemiBold.ttf */; };
		323AA14E75FD4AA58AB53C8D /* Poppins-Regular.ttf in Resources */ = {isa = PBXBuildFile; fileRef = B4A136EE82824925981ACF18 /* Poppins-Regular.ttf */; };
		3AB6F6F1416141A6B6B49D65 /* Poppins Medium.ttf in Resources */ = {isa = PBXBuildFile; fileRef = 73DFA7F841D845DB886378ED /* Poppins Medium.ttf */; };
		3C2A399AF29149859876585A /* Oswald-ExtraLight.ttf in Resources */ = {isa = PBXBuildFile; fileRef = 62B99CF688B64908AA7C2FB1 /* Oswald-ExtraLight.ttf */; };
		40EBF935AB34498C8B847645 /* Roboto BoldItalic.ttf in Resources */ = {isa = PBXBuildFile; fileRef = AB3D33DFAB854DFB8A830F51 /* Roboto BoldItalic.ttf */; };
		423A3396A005416B8559D597 /* Poppins SemiBoldItalic.ttf in Resources */ = {isa = PBXBuildFile; fileRef = 6773205367534072BC49B752 /* Poppins SemiBoldItalic.ttf */; };
		4551F46391C046C6821D0594 /* Poppins-Medium.ttf in Resources */ = {isa = PBXBuildFile; fileRef = F747B420C3314C1487D4CA39 /* Poppins-Medium.ttf */; };
		47B2B9799F364D1983E9484C /* Roboto Medium.ttf in Resources */ = {isa = PBXBuildFile; fileRef = F57A092516724F9198D8FB34 /* Roboto Medium.ttf */; };
		480EB84864684AFAA8A9A666 /* Poppins-ExtraBold.ttf in Resources */ = {isa = PBXBuildFile; fileRef = B0A0944BF4A142D5876B99E4 /* Poppins-ExtraBold.ttf */; };
		4932CA76E00747A5B9AC34F6 /* Oswald-Medium.ttf in Resources */ = {isa = PBXBuildFile; fileRef = CB42A07B4FBF4B77BD27C1DE /* Oswald-Medium.ttf */; };
		494AE4737906462A95105968 /* Poppins-ThinItalic.ttf in Resources */ = {isa = PBXBuildFile; fileRef = A03CBF3D07A440CA9ED48287 /* Poppins-ThinItalic.ttf */; };
		5273131FEDC64405B8210AFF /* Roboto MediumItalic.ttf in Resources */ = {isa = PBXBuildFile; fileRef = 914AF443F5E840B99E94387E /* Roboto MediumItalic.ttf */; };
		6105A180AF3D410F8A48BF21 /* Poppins Thin.ttf in Resources */ = {isa = PBXBuildFile; fileRef = 742C1826B391470EADA3BD8A /* Poppins Thin.ttf */; };
		612F2602110B48EBB40063AB /* Roboto LightItalic.ttf in Resources */ = {isa = PBXBuildFile; fileRef = D0C757FE4A09431B866833E8 /* Roboto LightItalic.ttf */; };
		633B954F159C4982B0DCAC21 /* index.ts in Resources */ = {isa = PBXBuildFile; fileRef = 179346FA36654993AE9A6A65 /* index.ts */; };
		64FEE3055CC84A388F86E437 /* Poppins-ExtraLight.ttf in Resources */ = {isa = PBXBuildFile; fileRef = C6935D0196BC450CA792669B /* Poppins-ExtraLight.ttf */; };
		69423DF5712E4ECC9669467A /* Poppins-ExtraLightItalic.ttf in Resources */ = {isa = PBXBuildFile; fileRef = F5E20959BAC64642BEC19C70 /* Poppins-ExtraLightItalic.ttf */; };
		81AB9BB82411601600AC10FF /* LaunchScreen.storyboard in Resources */ = {isa = PBXBuildFile; fileRef = 81AB9BB72411601600AC10FF /* LaunchScreen.storyboard */; };
		84541A6A2CB5B46600D3A37A /* GoogleService-Info.plist in Resources */ = {isa = PBXBuildFile; fileRef = 84541A692CB5B46600D3A37A /* GoogleService-Info.plist */; };
		887661EB98AF426D9C8F06AD /* Poppins-BlackItalic.ttf in Resources */ = {isa = PBXBuildFile; fileRef = 4A2DEFFFBBE142BAB8A1FDA0 /* Poppins-BlackItalic.ttf */; };
		8D662BC20238441894BD3C97 /* Oswald-Regular.ttf in Resources */ = {isa = PBXBuildFile; fileRef = 066F03BBC4634354AF6D800E /* Oswald-Regular.ttf */; };
		90FA4567721299ACDB175921 /* Pods_Khata_Book_Khata_BookTests.framework in Frameworks */ = {isa = PBXBuildFile; fileRef = 827B8898D16F6A310D0B565D /* Pods_Khata_Book_Khata_BookTests.framework */; };
		9D9B859314399A38606B9267 /* Pods_Khata_Book.framework in Frameworks */ = {isa = PBXBuildFile; fileRef = 4C958D7EC606F611A560C7D1 /* Pods_Khata_Book.framework */; };
		9E13D17AE1A94F2EA0C020ED /* Roboto Regular.ttf in Resources */ = {isa = PBXBuildFile; fileRef = C87313C6DD05497FA8BD0DFD /* Roboto Regular.ttf */; };
		AEF94F84E779488C84C6C763 /* Roboto Thin.ttf in Resources */ = {isa = PBXBuildFile; fileRef = CF5B3BE3CEDA477FAE013B39 /* Roboto Thin.ttf */; };
		B504EDA5EA0B4DA98CBF1E46 /* Poppins Light.ttf in Resources */ = {isa = PBXBuildFile; fileRef = E87DC3F9391440BCAA940FAA /* Poppins Light.ttf */; };
		BC08C03D70A64BD9ABE40240 /* Oswald-Bold.ttf in Resources */ = {isa = PBXBuildFile; fileRef = 60096DFF918A418BBF6E4469 /* Oswald-Bold.ttf */; };
		C3C861A820A2489085E1BD31 /* Oswald-SemiBold.ttf in Resources */ = {isa = PBXBuildFile; fileRef = 30E648A899C041A2A9D1EDAB /* Oswald-SemiBold.ttf */; };
		C96609BDEB49401C926A779E /* Roboto Light.ttf in Resources */ = {isa = PBXBuildFile; fileRef = 7E73A1913EA84260934ED4CE /* Roboto Light.ttf */; };
		D7CA9C1B5B0F453795E6A493 /* Roboto Italic.ttf in Resources */ = {isa = PBXBuildFile; fileRef = E4F513BA8F004D419D146690 /* Roboto Italic.ttf */; };
		E8A28B86AB2549D6BCAD9CE4 /* Roboto Black.ttf in Resources */ = {isa = PBXBuildFile; fileRef = 3982CC6955DB4EE6B0B6BC2F /* Roboto Black.ttf */; };
		EB82C7735417458CA6FEDBA6 /* Poppins-Italic.ttf in Resources */ = {isa = PBXBuildFile; fileRef = 34A9121E65B34EF59604CE5B /* Poppins-Italic.ttf */; };
		EC568E3A3DE94387B00F2AB2 /* Poppins-MediumItalic.ttf in Resources */ = {isa = PBXBuildFile; fileRef = 56D3B7759D824FD79694E87A /* Poppins-MediumItalic.ttf */; };
		EC8C4EA8D40941FE80A04D69 /* Roboto ThinItalic.ttf in Resources */ = {isa = PBXBuildFile; fileRef = 9F96FCE1F75F41A28D6A2928 /* Roboto ThinItalic.ttf */; };
		EE671E9E3E034140B20F007D /* Poppins-Light.ttf in Resources */ = {isa = PBXBuildFile; fileRef = C2FB5ABC44D348AA9151DD17 /* Poppins-Light.ttf */; };
		F4FE88EDC5C94A9D44F7F6B1 /* PrivacyInfo.xcprivacy in Resources */ = {isa = PBXBuildFile; fileRef = D926674B2F5740247D95AD5E /* PrivacyInfo.xcprivacy */; };
		FB43C168A63F40DFA96030D5 /* Poppins-Bold.ttf in Resources */ = {isa = PBXBuildFile; fileRef = 6B54A7C1A2094CFEB991E473 /* Poppins-Bold.ttf */; };
/* End PBXBuildFile section */

/* Begin PBXContainerItemProxy section */
		00E356F41AD99517003FC87E /* PBXContainerItemProxy */ = {
			isa = PBXContainerItemProxy;
			containerPortal = 83CBB9F71A601CBA00E9B192 /* Project object */;
			proxyType = 1;
			remoteGlobalIDString = 13B07F861A680F5B00A75B9A;
			remoteInfo = Khata_Book;
		};
/* End PBXContainerItemProxy section */

/* Begin PBXFileReference section */
		00E356EE1AD99517003FC87E /* Khata_BookTests.xctest */ = {isa = PBXFileReference; explicitFileType = wrapper.cfbundle; includeInIndex = 0; path = Khata_BookTests.xctest; sourceTree = BUILT_PRODUCTS_DIR; };
		00E356F11AD99517003FC87E /* Info.plist */ = {isa = PBXFileReference; lastKnownFileType = text.plist.xml; path = Info.plist; sourceTree = "<group>"; };
		00E356F21AD99517003FC87E /* Khata_BookTests.m */ = {isa = PBXFileReference; lastKnownFileType = sourcecode.c.objc; path = Khata_BookTests.m; sourceTree = "<group>"; };
		066F03BBC4634354AF6D800E /* Oswald-Regular.ttf */ = {isa = PBXFileReference; explicitFileType = undefined; fileEncoding = 9; includeInIndex = 0; lastKnownFileType = unknown; name = "Oswald-Regular.ttf"; path = "../src/assets/fonts/Oswald-Regular.ttf"; sourceTree = "<group>"; };
		0800ED91A54E071103586003 /* Pods-Khata_Book-Khata_BookTests.debug.xcconfig */ = {isa = PBXFileReference; includeInIndex = 1; lastKnownFileType = text.xcconfig; name = "Pods-Khata_Book-Khata_BookTests.debug.xcconfig"; path = "Target Support Files/Pods-Khata_Book-Khata_BookTests/Pods-Khata_Book-Khata_BookTests.debug.xcconfig"; sourceTree = "<group>"; };
		0F2E7DC04AE849CEB0B9CFD0 /* Oswald-Light.ttf */ = {isa = PBXFileReference; explicitFileType = undefined; fileEncoding = 9; includeInIndex = 0; lastKnownFileType = unknown; name = "Oswald-Light.ttf"; path = "../src/assets/fonts/Oswald-Light.ttf"; sourceTree = "<group>"; };
		13B07F961A680F5B00A75B9A /* Khata_Book.app */ = {isa = PBXFileReference; explicitFileType = wrapper.application; includeInIndex = 0; path = Khata_Book.app; sourceTree = BUILT_PRODUCTS_DIR; };
		13B07FAF1A68108700A75B9A /* AppDelegate.h */ = {isa = PBXFileReference; fileEncoding = 4; lastKnownFileType = sourcecode.c.h; name = AppDelegate.h; path = Khata_Book/AppDelegate.h; sourceTree = "<group>"; };
		13B07FB01A68108700A75B9A /* AppDelegate.mm */ = {isa = PBXFileReference; fileEncoding = 4; lastKnownFileType = sourcecode.cpp.objcpp; name = AppDelegate.mm; path = Khata_Book/AppDelegate.mm; sourceTree = "<group>"; };
		13B07FB51A68108700A75B9A /* Images.xcassets */ = {isa = PBXFileReference; lastKnownFileType = folder.assetcatalog; name = Images.xcassets; path = Khata_Book/Images.xcassets; sourceTree = "<group>"; };
		13B07FB61A68108700A75B9A /* Info.plist */ = {isa = PBXFileReference; fileEncoding = 4; lastKnownFileType = text.plist.xml; name = Info.plist; path = Khata_Book/Info.plist; sourceTree = "<group>"; };
		13B07FB71A68108700A75B9A /* main.m */ = {isa = PBXFileReference; fileEncoding = 4; lastKnownFileType = sourcecode.c.objc; name = main.m; path = Khata_Book/main.m; sourceTree = "<group>"; };
		179346FA36654993AE9A6A65 /* index.ts */ = {isa = PBXFileReference; explicitFileType = undefined; fileEncoding = 9; includeInIndex = 0; lastKnownFileType = unknown; name = index.ts; path = ../src/assets/fonts/index.ts; sourceTree = "<group>"; };
		244A5364FBD48696BE56CD6A /* Pods-Khata_Book.debug.xcconfig */ = {isa = PBXFileReference; includeInIndex = 1; lastKnownFileType = text.xcconfig; name = "Pods-Khata_Book.debug.xcconfig"; path = "Target Support Files/Pods-Khata_Book/Pods-Khata_Book.debug.xcconfig"; sourceTree = "<group>"; };
		3085B6BC5EBA0B7C1E8C4683 /* Pods-Khata_Book.release.xcconfig */ = {isa = PBXFileReference; includeInIndex = 1; lastKnownFileType = text.xcconfig; name = "Pods-Khata_Book.release.xcconfig"; path = "Target Support Files/Pods-Khata_Book/Pods-Khata_Book.release.xcconfig"; sourceTree = "<group>"; };
		30E648A899C041A2A9D1EDAB /* Oswald-SemiBold.ttf */ = {isa = PBXFileReference; explicitFileType = undefined; fileEncoding = 9; includeInIndex = 0; lastKnownFileType = unknown; name = "Oswald-SemiBold.ttf"; path = "../src/assets/fonts/Oswald-SemiBold.ttf"; sourceTree = "<group>"; };
		34A9121E65B34EF59604CE5B /* Poppins-Italic.ttf */ = {isa = PBXFileReference; explicitFileType = undefined; fileEncoding = 9; includeInIndex = 0; lastKnownFileType = unknown; name = "Poppins-Italic.ttf"; path = "../src/assets/fonts/Poppins-Italic.ttf"; sourceTree = "<group>"; };
		3982CC6955DB4EE6B0B6BC2F /* Roboto Black.ttf */ = {isa = PBXFileReference; explicitFileType = undefined; fileEncoding = 9; includeInIndex = 0; lastKnownFileType = unknown; name = "Roboto Black.ttf"; path = "../src/assets/fonts/Roboto Black.ttf"; sourceTree = "<group>"; };
		3D93BAC3AC5C482BA9E323E2 /* Poppins-LightItalic.ttf */ = {isa = PBXFileReference; explicitFileType = undefined; fileEncoding = 9; includeInIndex = 0; lastKnownFileType = unknown; name = "Poppins-LightItalic.ttf"; path = "../src/assets/fonts/Poppins-LightItalic.ttf"; sourceTree = "<group>"; };
		440F88A0CE2C417083EFC1D9 /* Poppins-BoldItalic.ttf */ = {isa = PBXFileReference; explicitFileType = undefined; fileEncoding = 9; includeInIndex = 0; lastKnownFileType = unknown; name = "Poppins-BoldItalic.ttf"; path = "../src/assets/fonts/Poppins-BoldItalic.ttf"; sourceTree = "<group>"; };
		4A2DEFFFBBE142BAB8A1FDA0 /* Poppins-BlackItalic.ttf */ = {isa = PBXFileReference; explicitFileType = undefined; fileEncoding = 9; includeInIndex = 0; lastKnownFileType = unknown; name = "Poppins-BlackItalic.ttf"; path = "../src/assets/fonts/Poppins-BlackItalic.ttf"; sourceTree = "<group>"; };
		4C958D7EC606F611A560C7D1 /* Pods_Khata_Book.framework */ = {isa = PBXFileReference; explicitFileType = wrapper.framework; includeInIndex = 0; path = Pods_Khata_Book.framework; sourceTree = BUILT_PRODUCTS_DIR; };
		56D3B7759D824FD79694E87A /* Poppins-MediumItalic.ttf */ = {isa = PBXFileReference; explicitFileType = undefined; fileEncoding = 9; includeInIndex = 0; lastKnownFileType = unknown; name = "Poppins-MediumItalic.ttf"; path = "../src/assets/fonts/Poppins-MediumItalic.ttf"; sourceTree = "<group>"; };
		575886C7B8D84B4CA88473F0 /* Poppins-Thin.ttf */ = {isa = PBXFileReference; explicitFileType = undefined; fileEncoding = 9; includeInIndex = 0; lastKnownFileType = unknown; name = "Poppins-Thin.ttf"; path = "../src/assets/fonts/Poppins-Thin.ttf"; sourceTree = "<group>"; };
		5DF64F92BCB74FA0BE6CB7A8 /* Roboto Bold.ttf */ = {isa = PBXFileReference; explicitFileType = undefined; fileEncoding = 9; includeInIndex = 0; lastKnownFileType = unknown; name = "Roboto Bold.ttf"; path = "../src/assets/fonts/Roboto Bold.ttf"; sourceTree = "<group>"; };
		60096DFF918A418BBF6E4469 /* Oswald-Bold.ttf */ = {isa = PBXFileReference; explicitFileType = undefined; fileEncoding = 9; includeInIndex = 0; lastKnownFileType = unknown; name = "Oswald-Bold.ttf"; path = "../src/assets/fonts/Oswald-Bold.ttf"; sourceTree = "<group>"; };
		62B99CF688B64908AA7C2FB1 /* Oswald-ExtraLight.ttf */ = {isa = PBXFileReference; explicitFileType = undefined; fileEncoding = 9; includeInIndex = 0; lastKnownFileType = unknown; name = "Oswald-ExtraLight.ttf"; path = "../src/assets/fonts/Oswald-ExtraLight.ttf"; sourceTree = "<group>"; };
		6773205367534072BC49B752 /* Poppins SemiBoldItalic.ttf */ = {isa = PBXFileReference; explicitFileType = undefined; fileEncoding = 9; includeInIndex = 0; lastKnownFileType = unknown; name = "Poppins SemiBoldItalic.ttf"; path = "../src/assets/fonts/Poppins SemiBoldItalic.ttf"; sourceTree = "<group>"; };
		6B54A7C1A2094CFEB991E473 /* Poppins-Bold.ttf */ = {isa = PBXFileReference; explicitFileType = undefined; fileEncoding = 9; includeInIndex = 0; lastKnownFileType = unknown; name = "Poppins-Bold.ttf"; path = "../src/assets/fonts/Poppins-Bold.ttf"; sourceTree = "<group>"; };
		73DFA7F841D845DB886378ED /* Poppins Medium.ttf */ = {isa = PBXFileReference; explicitFileType = undefined; fileEncoding = 9; includeInIndex = 0; lastKnownFileType = unknown; name = "Poppins Medium.ttf"; path = "../src/assets/fonts/Poppins Medium.ttf"; sourceTree = "<group>"; };
		742C1826B391470EADA3BD8A /* Poppins Thin.ttf */ = {isa = PBXFileReference; explicitFileType = undefined; fileEncoding = 9; includeInIndex = 0; lastKnownFileType = unknown; name = "Poppins Thin.ttf"; path = "../src/assets/fonts/Poppins Thin.ttf"; sourceTree = "<group>"; };
		7E73A1913EA84260934ED4CE /* Roboto Light.ttf */ = {isa = PBXFileReference; explicitFileType = undefined; fileEncoding = 9; includeInIndex = 0; lastKnownFileType = unknown; name = "Roboto Light.ttf"; path = "../src/assets/fonts/Roboto Light.ttf"; sourceTree = "<group>"; };
		81AB9BB72411601600AC10FF /* LaunchScreen.storyboard */ = {isa = PBXFileReference; fileEncoding = 4; lastKnownFileType = file.storyboard; name = LaunchScreen.storyboard; path = Khata_Book/LaunchScreen.storyboard; sourceTree = "<group>"; };
		827B8898D16F6A310D0B565D /* Pods_Khata_Book_Khata_BookTests.framework */ = {isa = PBXFileReference; explicitFileType = wrapper.framework; includeInIndex = 0; path = Pods_Khata_Book_Khata_BookTests.framework; sourceTree = BUILT_PRODUCTS_DIR; };
		84541A692CB5B46600D3A37A /* GoogleService-Info.plist */ = {isa = PBXFileReference; lastKnownFileType = text.plist.xml; path = "GoogleService-Info.plist"; sourceTree = "<group>"; };
		914AF443F5E840B99E94387E /* Roboto MediumItalic.ttf */ = {isa = PBXFileReference; explicitFileType = undefined; fileEncoding = 9; includeInIndex = 0; lastKnownFileType = unknown; name = "Roboto MediumItalic.ttf"; path = "../src/assets/fonts/Roboto MediumItalic.ttf"; sourceTree = "<group>"; };
		97B7FF3292F2416BAF318854 /* Poppins-SemiBold.ttf */ = {isa = PBXFileReference; explicitFileType = undefined; fileEncoding = 9; includeInIndex = 0; lastKnownFileType = unknown; name = "Poppins-SemiBold.ttf"; path = "../src/assets/fonts/Poppins-SemiBold.ttf"; sourceTree = "<group>"; };
		980750422C764528A0369B48 /* Roboto Black Italic.ttf */ = {isa = PBXFileReference; explicitFileType = undefined; fileEncoding = 9; includeInIndex = 0; lastKnownFileType = unknown; name = "Roboto Black Italic.ttf"; path = "../src/assets/fonts/Roboto Black Italic.ttf"; sourceTree = "<group>"; };
		9F96FCE1F75F41A28D6A2928 /* Roboto ThinItalic.ttf */ = {isa = PBXFileReference; explicitFileType = undefined; fileEncoding = 9; includeInIndex = 0; lastKnownFileType = unknown; name = "Roboto ThinItalic.ttf"; path = "../src/assets/fonts/Roboto ThinItalic.ttf"; sourceTree = "<group>"; };
		A03CBF3D07A440CA9ED48287 /* Poppins-ThinItalic.ttf */ = {isa = PBXFileReference; explicitFileType = undefined; fileEncoding = 9; includeInIndex = 0; lastKnownFileType = unknown; name = "Poppins-ThinItalic.ttf"; path = "../src/assets/fonts/Poppins-ThinItalic.ttf"; sourceTree = "<group>"; };
		A1C6516F50B14DCCB7D25688 /* Poppins Regular.ttf */ = {isa = PBXFileReference; explicitFileType = undefined; fileEncoding = 9; includeInIndex = 0; lastKnownFileType = unknown; name = "Poppins Regular.ttf"; path = "../src/assets/fonts/Poppins Regular.ttf"; sourceTree = "<group>"; };
		A98ADB75B67AD43DBF28E80D /* Pods-Khata_Book-Khata_BookTests.release.xcconfig */ = {isa = PBXFileReference; includeInIndex = 1; lastKnownFileType = text.xcconfig; name = "Pods-Khata_Book-Khata_BookTests.release.xcconfig"; path = "Target Support Files/Pods-Khata_Book-Khata_BookTests/Pods-Khata_Book-Khata_BookTests.release.xcconfig"; sourceTree = "<group>"; };
		AB3D33DFAB854DFB8A830F51 /* Roboto BoldItalic.ttf */ = {isa = PBXFileReference; explicitFileType = undefined; fileEncoding = 9; includeInIndex = 0; lastKnownFileType = unknown; name = "Roboto BoldItalic.ttf"; path = "../src/assets/fonts/Roboto BoldItalic.ttf"; sourceTree = "<group>"; };
		B0A0944BF4A142D5876B99E4 /* Poppins-ExtraBold.ttf */ = {isa = PBXFileReference; explicitFileType = undefined; fileEncoding = 9; includeInIndex = 0; lastKnownFileType = unknown; name = "Poppins-ExtraBold.ttf"; path = "../src/assets/fonts/Poppins-ExtraBold.ttf"; sourceTree = "<group>"; };
		B4A136EE82824925981ACF18 /* Poppins-Regular.ttf */ = {isa = PBXFileReference; explicitFileType = undefined; fileEncoding = 9; includeInIndex = 0; lastKnownFileType = unknown; name = "Poppins-Regular.ttf"; path = "../src/assets/fonts/Poppins-Regular.ttf"; sourceTree = "<group>"; };
		B9B04FF5363A4C93AA16761A /* Poppins-ExtraBoldItalic.ttf */ = {isa = PBXFileReference; explicitFileType = undefined; fileEncoding = 9; includeInIndex = 0; lastKnownFileType = unknown; name = "Poppins-ExtraBoldItalic.ttf"; path = "../src/assets/fonts/Poppins-ExtraBoldItalic.ttf"; sourceTree = "<group>"; };
		C2FB5ABC44D348AA9151DD17 /* Poppins-Light.ttf */ = {isa = PBXFileReference; explicitFileType = undefined; fileEncoding = 9; includeInIndex = 0; lastKnownFileType = unknown; name = "Poppins-Light.ttf"; path = "../src/assets/fonts/Poppins-Light.ttf"; sourceTree = "<group>"; };
		C3B8914948844D11B7CCF1EE /* Poppins-SemiBoldItalic.ttf */ = {isa = PBXFileReference; explicitFileType = undefined; fileEncoding = 9; includeInIndex = 0; lastKnownFileType = unknown; name = "Poppins-SemiBoldItalic.ttf"; path = "../src/assets/fonts/Poppins-SemiBoldItalic.ttf"; sourceTree = "<group>"; };
		C6935D0196BC450CA792669B /* Poppins-ExtraLight.ttf */ = {isa = PBXFileReference; explicitFileType = undefined; fileEncoding = 9; includeInIndex = 0; lastKnownFileType = unknown; name = "Poppins-ExtraLight.ttf"; path = "../src/assets/fonts/Poppins-ExtraLight.ttf"; sourceTree = "<group>"; };
		C87313C6DD05497FA8BD0DFD /* Roboto Regular.ttf */ = {isa = PBXFileReference; explicitFileType = undefined; fileEncoding = 9; includeInIndex = 0; lastKnownFileType = unknown; name = "Roboto Regular.ttf"; path = "../src/assets/fonts/Roboto Regular.ttf"; sourceTree = "<group>"; };
		CB42A07B4FBF4B77BD27C1DE /* Oswald-Medium.ttf */ = {isa = PBXFileReference; explicitFileType = undefined; fileEncoding = 9; includeInIndex = 0; lastKnownFileType = unknown; name = "Oswald-Medium.ttf"; path = "../src/assets/fonts/Oswald-Medium.ttf"; sourceTree = "<group>"; };
		CF5B3BE3CEDA477FAE013B39 /* Roboto Thin.ttf */ = {isa = PBXFileReference; explicitFileType = undefined; fileEncoding = 9; includeInIndex = 0; lastKnownFileType = unknown; name = "Roboto Thin.ttf"; path = "../src/assets/fonts/Roboto Thin.ttf"; sourceTree = "<group>"; };
		D0C757FE4A09431B866833E8 /* Roboto LightItalic.ttf */ = {isa = PBXFileReference; explicitFileType = undefined; fileEncoding = 9; includeInIndex = 0; lastKnownFileType = unknown; name = "Roboto LightItalic.ttf"; path = "../src/assets/fonts/Roboto LightItalic.ttf"; sourceTree = "<group>"; };
		D926674B2F5740247D95AD5E /* PrivacyInfo.xcprivacy */ = {isa = PBXFileReference; includeInIndex = 1; lastKnownFileType = text.xml; name = PrivacyInfo.xcprivacy; path = Khata_Book/PrivacyInfo.xcprivacy; sourceTree = "<group>"; };
		E4F513BA8F004D419D146690 /* Roboto Italic.ttf */ = {isa = PBXFileReference; explicitFileType = undefined; fileEncoding = 9; includeInIndex = 0; lastKnownFileType = unknown; name = "Roboto Italic.ttf"; path = "../src/assets/fonts/Roboto Italic.ttf"; sourceTree = "<group>"; };
		E6F9F29674B74099AA617BB4 /* Poppins-Black.ttf */ = {isa = PBXFileReference; explicitFileType = undefined; fileEncoding = 9; includeInIndex = 0; lastKnownFileType = unknown; name = "Poppins-Black.ttf"; path = "../src/assets/fonts/Poppins-Black.ttf"; sourceTree = "<group>"; };
		E87DC3F9391440BCAA940FAA /* Poppins Light.ttf */ = {isa = PBXFileReference; explicitFileType = undefined; fileEncoding = 9; includeInIndex = 0; lastKnownFileType = unknown; name = "Poppins Light.ttf"; path = "../src/assets/fonts/Poppins Light.ttf"; sourceTree = "<group>"; };
		ED297162215061F000B7C4FE /* JavaScriptCore.framework */ = {isa = PBXFileReference; lastKnownFileType = wrapper.framework; name = JavaScriptCore.framework; path = System/Library/Frameworks/JavaScriptCore.framework; sourceTree = SDKROOT; };
		F57A092516724F9198D8FB34 /* Roboto Medium.ttf */ = {isa = PBXFileReference; explicitFileType = undefined; fileEncoding = 9; includeInIndex = 0; lastKnownFileType = unknown; name = "Roboto Medium.ttf"; path = "../src/assets/fonts/Roboto Medium.ttf"; sourceTree = "<group>"; };
		F5E20959BAC64642BEC19C70 /* Poppins-ExtraLightItalic.ttf */ = {isa = PBXFileReference; explicitFileType = undefined; fileEncoding = 9; includeInIndex = 0; lastKnownFileType = unknown; name = "Poppins-ExtraLightItalic.ttf"; path = "../src/assets/fonts/Poppins-ExtraLightItalic.ttf"; sourceTree = "<group>"; };
		F747B420C3314C1487D4CA39 /* Poppins-Medium.ttf */ = {isa = PBXFileReference; explicitFileType = undefined; fileEncoding = 9; includeInIndex = 0; lastKnownFileType = unknown; name = "Poppins-Medium.ttf"; path = "../src/assets/fonts/Poppins-Medium.ttf"; sourceTree = "<group>"; };
/* End PBXFileReference section */

/* Begin PBXFrameworksBuildPhase section */
		00E356EB1AD99517003FC87E /* Frameworks */ = {
			isa = PBXFrameworksBuildPhase;
			buildActionMask = 2147483647;
			files = (
				90FA4567721299ACDB175921 /* Pods_Khata_Book_Khata_BookTests.framework in Frameworks */,
			);
			runOnlyForDeploymentPostprocessing = 0;
		};
		13B07F8C1A680F5B00A75B9A /* Frameworks */ = {
			isa = PBXFrameworksBuildPhase;
			buildActionMask = 2147483647;
			files = (
				9D9B859314399A38606B9267 /* Pods_Khata_Book.framework in Frameworks */,
			);
			runOnlyForDeploymentPostprocessing = 0;
		};
/* End PBXFrameworksBuildPhase section */

/* Begin PBXGroup section */
		00E356EF1AD99517003FC87E /* Khata_BookTests */ = {
			isa = PBXGroup;
			children = (
				00E356F21AD99517003FC87E /* Khata_BookTests.m */,
				00E356F01AD99517003FC87E /* Supporting Files */,
			);
			path = Khata_BookTests;
			sourceTree = "<group>";
		};
		00E356F01AD99517003FC87E /* Supporting Files */ = {
			isa = PBXGroup;
			children = (
				00E356F11AD99517003FC87E /* Info.plist */,
			);
			name = "Supporting Files";
			sourceTree = "<group>";
		};
		0B4F129D9B294EF5B044D843 /* Resources */ = {
			isa = PBXGroup;
			children = (
				60096DFF918A418BBF6E4469 /* Oswald-Bold.ttf */,
				62B99CF688B64908AA7C2FB1 /* Oswald-ExtraLight.ttf */,
				0F2E7DC04AE849CEB0B9CFD0 /* Oswald-Light.ttf */,
				CB42A07B4FBF4B77BD27C1DE /* Oswald-Medium.ttf */,
				066F03BBC4634354AF6D800E /* Oswald-Regular.ttf */,
				30E648A899C041A2A9D1EDAB /* Oswald-SemiBold.ttf */,
				E87DC3F9391440BCAA940FAA /* Poppins Light.ttf */,
				73DFA7F841D845DB886378ED /* Poppins Medium.ttf */,
				A1C6516F50B14DCCB7D25688 /* Poppins Regular.ttf */,
				6773205367534072BC49B752 /* Poppins SemiBoldItalic.ttf */,
				742C1826B391470EADA3BD8A /* Poppins Thin.ttf */,
				E6F9F29674B74099AA617BB4 /* Poppins-Black.ttf */,
				4A2DEFFFBBE142BAB8A1FDA0 /* Poppins-BlackItalic.ttf */,
				6B54A7C1A2094CFEB991E473 /* Poppins-Bold.ttf */,
				440F88A0CE2C417083EFC1D9 /* Poppins-BoldItalic.ttf */,
				B0A0944BF4A142D5876B99E4 /* Poppins-ExtraBold.ttf */,
				B9B04FF5363A4C93AA16761A /* Poppins-ExtraBoldItalic.ttf */,
				C6935D0196BC450CA792669B /* Poppins-ExtraLight.ttf */,
				F5E20959BAC64642BEC19C70 /* Poppins-ExtraLightItalic.ttf */,
				34A9121E65B34EF59604CE5B /* Poppins-Italic.ttf */,
				C2FB5ABC44D348AA9151DD17 /* Poppins-Light.ttf */,
				3D93BAC3AC5C482BA9E323E2 /* Poppins-LightItalic.ttf */,
				F747B420C3314C1487D4CA39 /* Poppins-Medium.ttf */,
				56D3B7759D824FD79694E87A /* Poppins-MediumItalic.ttf */,
				B4A136EE82824925981ACF18 /* Poppins-Regular.ttf */,
				97B7FF3292F2416BAF318854 /* Poppins-SemiBold.ttf */,
				C3B8914948844D11B7CCF1EE /* Poppins-SemiBoldItalic.ttf */,
				575886C7B8D84B4CA88473F0 /* Poppins-Thin.ttf */,
				A03CBF3D07A440CA9ED48287 /* Poppins-ThinItalic.ttf */,
				980750422C764528A0369B48 /* Roboto Black Italic.ttf */,
				3982CC6955DB4EE6B0B6BC2F /* Roboto Black.ttf */,
				5DF64F92BCB74FA0BE6CB7A8 /* Roboto Bold.ttf */,
				AB3D33DFAB854DFB8A830F51 /* Roboto BoldItalic.ttf */,
				E4F513BA8F004D419D146690 /* Roboto Italic.ttf */,
				7E73A1913EA84260934ED4CE /* Roboto Light.ttf */,
				D0C757FE4A09431B866833E8 /* Roboto LightItalic.ttf */,
				F57A092516724F9198D8FB34 /* Roboto Medium.ttf */,
				914AF443F5E840B99E94387E /* Roboto MediumItalic.ttf */,
				C87313C6DD05497FA8BD0DFD /* Roboto Regular.ttf */,
				CF5B3BE3CEDA477FAE013B39 /* Roboto Thin.ttf */,
				9F96FCE1F75F41A28D6A2928 /* Roboto ThinItalic.ttf */,
				179346FA36654993AE9A6A65 /* index.ts */,
			);
			name = Resources;
			sourceTree = "<group>";
		};
		13B07FAE1A68108700A75B9A /* Khata_Book */ = {
			isa = PBXGroup;
			children = (
				13B07FAF1A68108700A75B9A /* AppDelegate.h */,
				13B07FB01A68108700A75B9A /* AppDelegate.mm */,
				13B07FB51A68108700A75B9A /* Images.xcassets */,
				13B07FB61A68108700A75B9A /* Info.plist */,
				81AB9BB72411601600AC10FF /* LaunchScreen.storyboard */,
				13B07FB71A68108700A75B9A /* main.m */,
				D926674B2F5740247D95AD5E /* PrivacyInfo.xcprivacy */,
				84541A692CB5B46600D3A37A /* GoogleService-Info.plist */,
			);
			name = Khata_Book;
			sourceTree = "<group>";
		};
		2D16E6871FA4F8E400B85C8A /* Frameworks */ = {
			isa = PBXGroup;
			children = (
				ED297162215061F000B7C4FE /* JavaScriptCore.framework */,
				4C958D7EC606F611A560C7D1 /* Pods_Khata_Book.framework */,
				827B8898D16F6A310D0B565D /* Pods_Khata_Book_Khata_BookTests.framework */,
			);
			name = Frameworks;
			sourceTree = "<group>";
		};
		832341AE1AAA6A7D00B99B32 /* Libraries */ = {
			isa = PBXGroup;
			children = (
			);
			name = Libraries;
			sourceTree = "<group>";
		};
		83CBB9F61A601CBA00E9B192 = {
			isa = PBXGroup;
			children = (
				13B07FAE1A68108700A75B9A /* Khata_Book */,
				832341AE1AAA6A7D00B99B32 /* Libraries */,
				00E356EF1AD99517003FC87E /* Khata_BookTests */,
				83CBBA001A601CBA00E9B192 /* Products */,
				2D16E6871FA4F8E400B85C8A /* Frameworks */,
				BBD78D7AC51CEA395F1C20DB /* Pods */,
				0B4F129D9B294EF5B044D843 /* Resources */,
			);
			indentWidth = 2;
			sourceTree = "<group>";
			tabWidth = 2;
			usesTabs = 0;
		};
		83CBBA001A601CBA00E9B192 /* Products */ = {
			isa = PBXGroup;
			children = (
				13B07F961A680F5B00A75B9A /* Khata_Book.app */,
				00E356EE1AD99517003FC87E /* Khata_BookTests.xctest */,
			);
			name = Products;
			sourceTree = "<group>";
		};
		BBD78D7AC51CEA395F1C20DB /* Pods */ = {
			isa = PBXGroup;
			children = (
				244A5364FBD48696BE56CD6A /* Pods-Khata_Book.debug.xcconfig */,
				3085B6BC5EBA0B7C1E8C4683 /* Pods-Khata_Book.release.xcconfig */,
				0800ED91A54E071103586003 /* Pods-Khata_Book-Khata_BookTests.debug.xcconfig */,
				A98ADB75B67AD43DBF28E80D /* Pods-Khata_Book-Khata_BookTests.release.xcconfig */,
			);
			path = Pods;
			sourceTree = "<group>";
		};
/* End PBXGroup section */

/* Begin PBXNativeTarget section */
		00E356ED1AD99517003FC87E /* Khata_BookTests */ = {
			isa = PBXNativeTarget;
			buildConfigurationList = 00E357021AD99517003FC87E /* Build configuration list for PBXNativeTarget "Khata_BookTests" */;
			buildPhases = (
				8AB980024995A06C6A416640 /* [CP] Check Pods Manifest.lock */,
				00E356EA1AD99517003FC87E /* Sources */,
				00E356EB1AD99517003FC87E /* Frameworks */,
				00E356EC1AD99517003FC87E /* Resources */,
				899F60B98978EBE88DA78E1B /* [CP] Embed Pods Frameworks */,
				2265F6DE3A970F27BFF255E6 /* [CP] Copy Pods Resources */,
			);
			buildRules = (
			);
			dependencies = (
				00E356F51AD99517003FC87E /* PBXTargetDependency */,
			);
			name = Khata_BookTests;
			productName = Khata_BookTests;
			productReference = 00E356EE1AD99517003FC87E /* Khata_BookTests.xctest */;
			productType = "com.apple.product-type.bundle.unit-test";
		};
		13B07F861A680F5B00A75B9A /* Khata_Book */ = {
			isa = PBXNativeTarget;
			buildConfigurationList = 13B07F931A680F5B00A75B9A /* Build configuration list for PBXNativeTarget "Khata_Book" */;
			buildPhases = (
				F550A3253F414A28B51EA4B4 /* [CP] Check Pods Manifest.lock */,
				FD10A7F022414F080027D42C /* Start Packager */,
				13B07F871A680F5B00A75B9A /* Sources */,
				13B07F8C1A680F5B00A75B9A /* Frameworks */,
				13B07F8E1A680F5B00A75B9A /* Resources */,
				00DD1BFF1BD5951E006B06BC /* Bundle React Native code and images */,
				F875AEE46A50CCC1982317DB /* [CP] Embed Pods Frameworks */,
				1FDCEABBA399AF9AB89F4450 /* [CP] Copy Pods Resources */,
				EE413F78B45D1F2E6AB61090 /* [CP-User] [RNFB] Core Configuration */,
			);
			buildRules = (
			);
			dependencies = (
			);
			name = Khata_Book;
			productName = Khata_Book;
			productReference = 13B07F961A680F5B00A75B9A /* Khata_Book.app */;
			productType = "com.apple.product-type.application";
		};
/* End PBXNativeTarget section */

/* Begin PBXProject section */
		83CBB9F71A601CBA00E9B192 /* Project object */ = {
			isa = PBXProject;
			attributes = {
				LastUpgradeCheck = 1210;
				TargetAttributes = {
					00E356ED1AD99517003FC87E = {
						CreatedOnToolsVersion = 6.2;
						TestTargetID = 13B07F861A680F5B00A75B9A;
					};
					13B07F861A680F5B00A75B9A = {
						LastSwiftMigration = 1120;
					};
				};
			};
			buildConfigurationList = 83CBB9FA1A601CBA00E9B192 /* Build configuration list for PBXProject "Khata_Book" */;
			compatibilityVersion = "Xcode 13.0";
			developmentRegion = en;
			hasScannedForEncodings = 0;
			knownRegions = (
				en,
				Base,
			);
			mainGroup = 83CBB9F61A601CBA00E9B192;
			productRefGroup = 83CBBA001A601CBA00E9B192 /* Products */;
			projectDirPath = "";
			projectRoot = "";
			targets = (
				13B07F861A680F5B00A75B9A /* Khata_Book */,
				00E356ED1AD99517003FC87E /* Khata_BookTests */,
			);
		};
/* End PBXProject section */

/* Begin PBXResourcesBuildPhase section */
		00E356EC1AD99517003FC87E /* Resources */ = {
			isa = PBXResourcesBuildPhase;
			buildActionMask = 2147483647;
			files = (
			);
			runOnlyForDeploymentPostprocessing = 0;
		};
		13B07F8E1A680F5B00A75B9A /* Resources */ = {
			isa = PBXResourcesBuildPhase;
			buildActionMask = 2147483647;
			files = (
				81AB9BB82411601600AC10FF /* LaunchScreen.storyboard in Resources */,
				13B07FBF1A68108700A75B9A /* Images.xcassets in Resources */,
				BC08C03D70A64BD9ABE40240 /* Oswald-Bold.ttf in Resources */,
				3C2A399AF29149859876585A /* Oswald-ExtraLight.ttf in Resources */,
				28BB32B5331842C68A1F5B15 /* Oswald-Light.ttf in Resources */,
				4932CA76E00747A5B9AC34F6 /* Oswald-Medium.ttf in Resources */,
				8D662BC20238441894BD3C97 /* Oswald-Regular.ttf in Resources */,
				C3C861A820A2489085E1BD31 /* Oswald-SemiBold.ttf in Resources */,
				B504EDA5EA0B4DA98CBF1E46 /* Poppins Light.ttf in Resources */,
				3AB6F6F1416141A6B6B49D65 /* Poppins Medium.ttf in Resources */,
				005CD33CAB5747C6A05F82A9 /* Poppins Regular.ttf in Resources */,
				423A3396A005416B8559D597 /* Poppins SemiBoldItalic.ttf in Resources */,
				6105A180AF3D410F8A48BF21 /* Poppins Thin.ttf in Resources */,
				290BA5BC934D44689BC0690A /* Poppins-Black.ttf in Resources */,
				887661EB98AF426D9C8F06AD /* Poppins-BlackItalic.ttf in Resources */,
				FB43C168A63F40DFA96030D5 /* Poppins-Bold.ttf in Resources */,
				2692687BA31B489ABAB3DDF3 /* Poppins-BoldItalic.ttf in Resources */,
				480EB84864684AFAA8A9A666 /* Poppins-ExtraBold.ttf in Resources */,
				14305F0164BB4966A4FC04C9 /* Poppins-ExtraBoldItalic.ttf in Resources */,
				84541A6A2CB5B46600D3A37A /* GoogleService-Info.plist in Resources */,
				64FEE3055CC84A388F86E437 /* Poppins-ExtraLight.ttf in Resources */,
				69423DF5712E4ECC9669467A /* Poppins-ExtraLightItalic.ttf in Resources */,
				EB82C7735417458CA6FEDBA6 /* Poppins-Italic.ttf in Resources */,
				EE671E9E3E034140B20F007D /* Poppins-Light.ttf in Resources */,
				2A0FF144C1AA4F079E750D34 /* Poppins-LightItalic.ttf in Resources */,
				4551F46391C046C6821D0594 /* Poppins-Medium.ttf in Resources */,
				EC568E3A3DE94387B00F2AB2 /* Poppins-MediumItalic.ttf in Resources */,
				323AA14E75FD4AA58AB53C8D /* Poppins-Regular.ttf in Resources */,
				2AAF5D7300B3403994E367E2 /* Poppins-SemiBold.ttf in Resources */,
				1729251955574D51AF881179 /* Poppins-SemiBoldItalic.ttf in Resources */,
				1EE5FF82EF72472AB9A5E58A /* Poppins-Thin.ttf in Resources */,
				494AE4737906462A95105968 /* Poppins-ThinItalic.ttf in Resources */,
				258E3451B92E4480889B8473 /* Roboto Black Italic.ttf in Resources */,
				E8A28B86AB2549D6BCAD9CE4 /* Roboto Black.ttf in Resources */,
				1DBDC0AD22FF4A6CBB4DBE1A /* Roboto Bold.ttf in Resources */,
				40EBF935AB34498C8B847645 /* Roboto BoldItalic.ttf in Resources */,
				D7CA9C1B5B0F453795E6A493 /* Roboto Italic.ttf in Resources */,
				C96609BDEB49401C926A779E /* Roboto Light.ttf in Resources */,
				612F2602110B48EBB40063AB /* Roboto LightItalic.ttf in Resources */,
				47B2B9799F364D1983E9484C /* Roboto Medium.ttf in Resources */,
				5273131FEDC64405B8210AFF /* Roboto MediumItalic.ttf in Resources */,
				9E13D17AE1A94F2EA0C020ED /* Roboto Regular.ttf in Resources */,
				AEF94F84E779488C84C6C763 /* Roboto Thin.ttf in Resources */,
				EC8C4EA8D40941FE80A04D69 /* Roboto ThinItalic.ttf in Resources */,
				633B954F159C4982B0DCAC21 /* index.ts in Resources */,
				F4FE88EDC5C94A9D44F7F6B1 /* PrivacyInfo.xcprivacy in Resources */,
			);
			runOnlyForDeploymentPostprocessing = 0;
		};
/* End PBXResourcesBuildPhase section */

/* Begin PBXShellScriptBuildPhase section */
		00DD1BFF1BD5951E006B06BC /* Bundle React Native code and images */ = {
			isa = PBXShellScriptBuildPhase;
			buildActionMask = 2147483647;
			files = (
			);
			inputPaths = (
				"$(SRCROOT)/.xcode.env.local",
				"$(SRCROOT)/.xcode.env",
			);
			name = "Bundle React Native code and images";
			outputPaths = (
			);
			runOnlyForDeploymentPostprocessing = 0;
			shellPath = /bin/sh;
			shellScript = "set -e\n\nWITH_ENVIRONMENT=\"../node_modules/react-native/scripts/xcode/with-environment.sh\"\nREACT_NATIVE_XCODE=\"../node_modules/react-native/scripts/react-native-xcode.sh\"\n\n/bin/sh -c \"$WITH_ENVIRONMENT $REACT_NATIVE_XCODE\"\n";
		};
		1FDCEABBA399AF9AB89F4450 /* [CP] Copy Pods Resources */ = {
			isa = PBXShellScriptBuildPhase;
			buildActionMask = 2147483647;
			files = (
			);
			inputFileListPaths = (
				"${PODS_ROOT}/Target Support Files/Pods-Khata_Book/Pods-Khata_Book-resources-${CONFIGURATION}-input-files.xcfilelist",
			);
			name = "[CP] Copy Pods Resources";
			outputFileListPaths = (
				"${PODS_ROOT}/Target Support Files/Pods-Khata_Book/Pods-Khata_Book-resources-${CONFIGURATION}-output-files.xcfilelist",
			);
			runOnlyForDeploymentPostprocessing = 0;
			shellPath = /bin/sh;
			shellScript = "\"${PODS_ROOT}/Target Support Files/Pods-Khata_Book/Pods-Khata_Book-resources.sh\"\n";
			showEnvVarsInLog = 0;
		};
		2265F6DE3A970F27BFF255E6 /* [CP] Copy Pods Resources */ = {
			isa = PBXShellScriptBuildPhase;
			buildActionMask = 2147483647;
			files = (
			);
			inputFileListPaths = (
				"${PODS_ROOT}/Target Support Files/Pods-Khata_Book-Khata_BookTests/Pods-Khata_Book-Khata_BookTests-resources-${CONFIGURATION}-input-files.xcfilelist",
			);
			name = "[CP] Copy Pods Resources";
			outputFileListPaths = (
				"${PODS_ROOT}/Target Support Files/Pods-Khata_Book-Khata_BookTests/Pods-Khata_Book-Khata_BookTests-resources-${CONFIGURATION}-output-files.xcfilelist",
			);
			runOnlyForDeploymentPostprocessing = 0;
			shellPath = /bin/sh;
			shellScript = "\"${PODS_ROOT}/Target Support Files/Pods-Khata_Book-Khata_BookTests/Pods-Khata_Book-Khata_BookTests-resources.sh\"\n";
			showEnvVarsInLog = 0;
		};
		899F60B98978EBE88DA78E1B /* [CP] Embed Pods Frameworks */ = {
			isa = PBXShellScriptBuildPhase;
			buildActionMask = 2147483647;
			files = (
			);
			inputFileListPaths = (
				"${PODS_ROOT}/Target Support Files/Pods-Khata_Book-Khata_BookTests/Pods-Khata_Book-Khata_BookTests-frameworks-${CONFIGURATION}-input-files.xcfilelist",
			);
			name = "[CP] Embed Pods Frameworks";
			outputFileListPaths = (
				"${PODS_ROOT}/Target Support Files/Pods-Khata_Book-Khata_BookTests/Pods-Khata_Book-Khata_BookTests-frameworks-${CONFIGURATION}-output-files.xcfilelist",
			);
			runOnlyForDeploymentPostprocessing = 0;
			shellPath = /bin/sh;
			shellScript = "\"${PODS_ROOT}/Target Support Files/Pods-Khata_Book-Khata_BookTests/Pods-Khata_Book-Khata_BookTests-frameworks.sh\"\n";
			showEnvVarsInLog = 0;
		};
		8AB980024995A06C6A416640 /* [CP] Check Pods Manifest.lock */ = {
			isa = PBXShellScriptBuildPhase;
			buildActionMask = 2147483647;
			files = (
			);
			inputFileListPaths = (
			);
			inputPaths = (
				"${PODS_PODFILE_DIR_PATH}/Podfile.lock",
				"${PODS_ROOT}/Manifest.lock",
			);
			name = "[CP] Check Pods Manifest.lock";
			outputFileListPaths = (
			);
			outputPaths = (
				"$(DERIVED_FILE_DIR)/Pods-Khata_Book-Khata_BookTests-checkManifestLockResult.txt",
			);
			runOnlyForDeploymentPostprocessing = 0;
			shellPath = /bin/sh;
			shellScript = "diff \"${PODS_PODFILE_DIR_PATH}/Podfile.lock\" \"${PODS_ROOT}/Manifest.lock\" > /dev/null\nif [ $? != 0 ] ; then\n    # print error to STDERR\n    echo \"error: The sandbox is not in sync with the Podfile.lock. Run 'pod install' or update your CocoaPods installation.\" >&2\n    exit 1\nfi\n# This output is used by Xcode 'outputs' to avoid re-running this script phase.\necho \"SUCCESS\" > \"${SCRIPT_OUTPUT_FILE_0}\"\n";
			showEnvVarsInLog = 0;
		};
		EE413F78B45D1F2E6AB61090 /* [CP-User] [RNFB] Core Configuration */ = {
			isa = PBXShellScriptBuildPhase;
			buildActionMask = 2147483647;
			files = (
			);
			inputPaths = (
				"$(BUILT_PRODUCTS_DIR)/$(INFOPLIST_PATH)",
			);
			name = "[CP-User] [RNFB] Core Configuration";
			runOnlyForDeploymentPostprocessing = 0;
			shellPath = /bin/sh;
			shellScript = "#!/usr/bin/env bash\n#\n# Copyright (c) 2016-present Invertase Limited & Contributors\n#\n# Licensed under the Apache License, Version 2.0 (the \"License\");\n# you may not use this library except in compliance with the License.\n# You may obtain a copy of the License at\n#\n#   http://www.apache.org/licenses/LICENSE-2.0\n#\n# Unless required by applicable law or agreed to in writing, software\n# distributed under the License is distributed on an \"AS IS\" BASIS,\n# WITHOUT WARRANTIES OR CONDITIONS OF ANY KIND, either express or implied.\n# See the License for the specific language governing permissions and\n# limitations under the License.\n#\n\n##########################################################################\n##########################################################################\n#\n#  NOTE THAT IF YOU CHANGE THIS FILE YOU MUST RUN pod install AFTERWARDS\n#\n#  This file is installed as an Xcode build script in the project file\n#  by cocoapods, and you will not see your changes until you pod install\n#\n##########################################################################\n##########################################################################\n\nset -e\n\n_MAX_LOOKUPS=2;\n_SEARCH_RESULT=''\n_RN_ROOT_EXISTS=''\n_CURRENT_LOOKUPS=1\n_JSON_ROOT=\"'react-native'\"\n_JSON_FILE_NAME='firebase.json'\n_JSON_OUTPUT_BASE64='e30=' # { }\n_CURRENT_SEARCH_DIR=${PROJECT_DIR}\n_PLIST_BUDDY=/usr/libexec/PlistBuddy\n_TARGET_PLIST=\"${BUILT_PRODUCTS_DIR}/${INFOPLIST_PATH}\"\n_DSYM_PLIST=\"${DWARF_DSYM_FOLDER_PATH}/${DWARF_DSYM_FILE_NAME}/Contents/Info.plist\"\n\n# plist arrays\n_PLIST_ENTRY_KEYS=()\n_PLIST_ENTRY_TYPES=()\n_PLIST_ENTRY_VALUES=()\n\nfunction setPlistValue {\n  echo \"info:      setting plist entry '$1' of type '$2' in file '$4'\"\n  ${_PLIST_BUDDY} -c \"Add :$1 $2 '$3'\" $4 || echo \"info:      '$1' already exists\"\n}\n\nfunction getFirebaseJsonKeyValue () {\n  if [[ ${_RN_ROOT_EXISTS} ]]; then\n    ruby -Ku -e \"require 'rubygems';require 'json'; output=JSON.parse('$1'); puts output[$_JSON_ROOT]['$2']\"\n  else\n    echo \"\"\n  fi;\n}\n\nfunction jsonBoolToYesNo () {\n  if [[ $1 == \"false\" ]]; then\n    echo \"NO\"\n  elif [[ $1 == \"true\" ]]; then\n    echo \"YES\"\n  else echo \"NO\"\n  fi\n}\n\necho \"info: -> RNFB build script started\"\necho \"info: 1) Locating ${_JSON_FILE_NAME} file:\"\n\nif [[ -z ${_CURRENT_SEARCH_DIR} ]]; then\n  _CURRENT_SEARCH_DIR=$(pwd)\nfi;\n\nwhile true; do\n  _CURRENT_SEARCH_DIR=$(dirname \"$_CURRENT_SEARCH_DIR\")\n  if [[ \"$_CURRENT_SEARCH_DIR\" == \"/\" ]] || [[ ${_CURRENT_LOOKUPS} -gt ${_MAX_LOOKUPS} ]]; then break; fi;\n  echo \"info:      ($_CURRENT_LOOKUPS of $_MAX_LOOKUPS) Searching in '$_CURRENT_SEARCH_DIR' for a ${_JSON_FILE_NAME} file.\"\n  _SEARCH_RESULT=$(find \"$_CURRENT_SEARCH_DIR\" -maxdepth 2 -name ${_JSON_FILE_NAME} -print | /usr/bin/head -n 1)\n  if [[ ${_SEARCH_RESULT} ]]; then\n    echo \"info:      ${_JSON_FILE_NAME} found at $_SEARCH_RESULT\"\n    break;\n  fi;\n  _CURRENT_LOOKUPS=$((_CURRENT_LOOKUPS+1))\ndone\n\nif [[ ${_SEARCH_RESULT} ]]; then\n  _JSON_OUTPUT_RAW=$(cat \"${_SEARCH_RESULT}\")\n  _RN_ROOT_EXISTS=$(ruby -Ku -e \"require 'rubygems';require 'json'; output=JSON.parse('$_JSON_OUTPUT_RAW'); puts output[$_JSON_ROOT]\" || echo '')\n\n  if [[ ${_RN_ROOT_EXISTS} ]]; then\n    if ! python3 --version >/dev/null 2>&1; then echo \"python3 not found, firebase.json file processing error.\" && exit 1; fi\n    _JSON_OUTPUT_BASE64=$(python3 -c 'import json,sys,base64;print(base64.b64encode(bytes(json.dumps(json.loads(open('\"'${_SEARCH_RESULT}'\"', '\"'rb'\"').read())['${_JSON_ROOT}']), '\"'utf-8'\"')).decode())' || echo \"e30=\")\n  fi\n\n  _PLIST_ENTRY_KEYS+=(\"firebase_json_raw\")\n  _PLIST_ENTRY_TYPES+=(\"string\")\n  _PLIST_ENTRY_VALUES+=(\"$_JSON_OUTPUT_BASE64\")\n\n  # config.app_data_collection_default_enabled\n  _APP_DATA_COLLECTION_ENABLED=$(getFirebaseJsonKeyValue \"$_JSON_OUTPUT_RAW\" \"app_data_collection_default_enabled\")\n  if [[ $_APP_DATA_COLLECTION_ENABLED ]]; then\n    _PLIST_ENTRY_KEYS+=(\"FirebaseDataCollectionDefaultEnabled\")\n    _PLIST_ENTRY_TYPES+=(\"bool\")\n    _PLIST_ENTRY_VALUES+=(\"$(jsonBoolToYesNo \"$_APP_DATA_COLLECTION_ENABLED\")\")\n  fi\n\n  # config.analytics_auto_collection_enabled\n  _ANALYTICS_AUTO_COLLECTION=$(getFirebaseJsonKeyValue \"$_JSON_OUTPUT_RAW\" \"analytics_auto_collection_enabled\")\n  if [[ $_ANALYTICS_AUTO_COLLECTION ]]; then\n    _PLIST_ENTRY_KEYS+=(\"FIREBASE_ANALYTICS_COLLECTION_ENABLED\")\n    _PLIST_ENTRY_TYPES+=(\"bool\")\n    _PLIST_ENTRY_VALUES+=(\"$(jsonBoolToYesNo \"$_ANALYTICS_AUTO_COLLECTION\")\")\n  fi\n\n  # config.analytics_collection_deactivated\n  _ANALYTICS_DEACTIVATED=$(getFirebaseJsonKeyValue \"$_JSON_OUTPUT_RAW\" \"analytics_collection_deactivated\")\n  if [[ $_ANALYTICS_DEACTIVATED ]]; then\n    _PLIST_ENTRY_KEYS+=(\"FIREBASE_ANALYTICS_COLLECTION_DEACTIVATED\")\n    _PLIST_ENTRY_TYPES+=(\"bool\")\n    _PLIST_ENTRY_VALUES+=(\"$(jsonBoolToYesNo \"$_ANALYTICS_DEACTIVATED\")\")\n  fi\n\n  # config.analytics_idfv_collection_enabled\n  _ANALYTICS_IDFV_COLLECTION=$(getFirebaseJsonKeyValue \"$_JSON_OUTPUT_RAW\" \"analytics_idfv_collection_enabled\")\n  if [[ $_ANALYTICS_IDFV_COLLECTION ]]; then\n    _PLIST_ENTRY_KEYS+=(\"GOOGLE_ANALYTICS_IDFV_COLLECTION_ENABLED\")\n    _PLIST_ENTRY_TYPES+=(\"bool\")\n    _PLIST_ENTRY_VALUES+=(\"$(jsonBoolToYesNo \"$_ANALYTICS_IDFV_COLLECTION\")\")\n  fi\n\n  # config.analytics_default_allow_analytics_storage\n  _ANALYTICS_STORAGE=$(getFirebaseJsonKeyValue \"$_JSON_OUTPUT_RAW\" \"analytics_default_allow_analytics_storage\")\n  if [[ $_ANALYTICS_STORAGE ]]; then\n    _PLIST_ENTRY_KEYS+=(\"GOOGLE_ANALYTICS_DEFAULT_ALLOW_ANALYTICS_STORAGE\")\n    _PLIST_ENTRY_TYPES+=(\"bool\")\n    _PLIST_ENTRY_VALUES+=(\"$(jsonBoolToYesNo \"$_ANALYTICS_STORAGE\")\")\n  fi\n\n  # config.analytics_default_allow_ad_storage\n  _ANALYTICS_AD_STORAGE=$(getFirebaseJsonKeyValue \"$_JSON_OUTPUT_RAW\" \"analytics_default_allow_ad_storage\")\n  if [[ $_ANALYTICS_AD_STORAGE ]]; then\n    _PLIST_ENTRY_KEYS+=(\"GOOGLE_ANALYTICS_DEFAULT_ALLOW_AD_STORAGE\")\n    _PLIST_ENTRY_TYPES+=(\"bool\")\n    _PLIST_ENTRY_VALUES+=(\"$(jsonBoolToYesNo \"$_ANALYTICS_AD_STORAGE\")\")\n  fi\n\n  # config.analytics_default_allow_ad_user_data\n  _ANALYTICS_AD_USER_DATA=$(getFirebaseJsonKeyValue \"$_JSON_OUTPUT_RAW\" \"analytics_default_allow_ad_user_data\")\n  if [[ $_ANALYTICS_AD_USER_DATA ]]; then\n    _PLIST_ENTRY_KEYS+=(\"GOOGLE_ANALYTICS_DEFAULT_ALLOW_AD_USER_DATA\")\n    _PLIST_ENTRY_TYPES+=(\"bool\")\n    _PLIST_ENTRY_VALUES+=(\"$(jsonBoolToYesNo \"$_ANALYTICS_AD_USER_DATA\")\")\n  fi\n\n  # config.analytics_default_allow_ad_personalization_signals\n  _ANALYTICS_PERSONALIZATION=$(getFirebaseJsonKeyValue \"$_JSON_OUTPUT_RAW\" \"analytics_default_allow_ad_personalization_signals\")\n  if [[ $_ANALYTICS_PERSONALIZATION ]]; then\n    _PLIST_ENTRY_KEYS+=(\"GOOGLE_ANALYTICS_DEFAULT_ALLOW_AD_PERSONALIZATION_SIGNALS\")\n    _PLIST_ENTRY_TYPES+=(\"bool\")\n    _PLIST_ENTRY_VALUES+=(\"$(jsonBoolToYesNo \"$_ANALYTICS_PERSONALIZATION\")\")\n  fi\n\n  # config.analytics_registration_with_ad_network_enabled\n  _ANALYTICS_REGISTRATION_WITH_AD_NETWORK=$(getFirebaseJsonKeyValue \"$_JSON_OUTPUT_RAW\" \"google_analytics_registration_with_ad_network_enabled\")\n  if [[ $_ANALYTICS_REGISTRATION_WITH_AD_NETWORK ]]; then\n    _PLIST_ENTRY_KEYS+=(\"GOOGLE_ANALYTICS_REGISTRATION_WITH_AD_NETWORK_ENABLED\")\n    _PLIST_ENTRY_TYPES+=(\"bool\")\n    _PLIST_ENTRY_VALUES+=(\"$(jsonBoolToYesNo \"$_ANALYTICS_REGISTRATION_WITH_AD_NETWORK\")\")\n  fi\n\n  # config.google_analytics_automatic_screen_reporting_enabled\n  _ANALYTICS_AUTO_SCREEN_REPORTING=$(getFirebaseJsonKeyValue \"$_JSON_OUTPUT_RAW\" \"google_analytics_automatic_screen_reporting_enabled\")\n  if [[ $_ANALYTICS_AUTO_SCREEN_REPORTING ]]; then\n    _PLIST_ENTRY_KEYS+=(\"FirebaseAutomaticScreenReportingEnabled\")\n    _PLIST_ENTRY_TYPES+=(\"bool\")\n    _PLIST_ENTRY_VALUES+=(\"$(jsonBoolToYesNo \"$_ANALYTICS_AUTO_SCREEN_REPORTING\")\")\n  fi\n\n  # config.perf_auto_collection_enabled\n  _PERF_AUTO_COLLECTION=$(getFirebaseJsonKeyValue \"$_JSON_OUTPUT_RAW\" \"perf_auto_collection_enabled\")\n  if [[ $_PERF_AUTO_COLLECTION ]]; then\n    _PLIST_ENTRY_KEYS+=(\"firebase_performance_collection_enabled\")\n    _PLIST_ENTRY_TYPES+=(\"bool\")\n    _PLIST_ENTRY_VALUES+=(\"$(jsonBoolToYesNo \"$_PERF_AUTO_COLLECTION\")\")\n  fi\n\n  # config.perf_collection_deactivated\n  _PERF_DEACTIVATED=$(getFirebaseJsonKeyValue \"$_JSON_OUTPUT_RAW\" \"perf_collection_deactivated\")\n  if [[ $_PERF_DEACTIVATED ]]; then\n    _PLIST_ENTRY_KEYS+=(\"firebase_performance_collection_deactivated\")\n    _PLIST_ENTRY_TYPES+=(\"bool\")\n    _PLIST_ENTRY_VALUES+=(\"$(jsonBoolToYesNo \"$_PERF_DEACTIVATED\")\")\n  fi\n\n  # config.messaging_auto_init_enabled\n  _MESSAGING_AUTO_INIT=$(getFirebaseJsonKeyValue \"$_JSON_OUTPUT_RAW\" \"messaging_auto_init_enabled\")\n  if [[ $_MESSAGING_AUTO_INIT ]]; then\n    _PLIST_ENTRY_KEYS+=(\"FirebaseMessagingAutoInitEnabled\")\n    _PLIST_ENTRY_TYPES+=(\"bool\")\n    _PLIST_ENTRY_VALUES+=(\"$(jsonBoolToYesNo \"$_MESSAGING_AUTO_INIT\")\")\n  fi\n\n  # config.in_app_messaging_auto_colllection_enabled\n  _FIAM_AUTO_INIT=$(getFirebaseJsonKeyValue \"$_JSON_OUTPUT_RAW\" \"in_app_messaging_auto_collection_enabled\")\n  if [[ $_FIAM_AUTO_INIT ]]; then\n    _PLIST_ENTRY_KEYS+=(\"FirebaseInAppMessagingAutomaticDataCollectionEnabled\")\n    _PLIST_ENTRY_TYPES+=(\"bool\")\n    _PLIST_ENTRY_VALUES+=(\"$(jsonBoolToYesNo \"$_FIAM_AUTO_INIT\")\")\n  fi\n\n  # config.app_check_token_auto_refresh\n  _APP_CHECK_TOKEN_AUTO_REFRESH=$(getFirebaseJsonKeyValue \"$_JSON_OUTPUT_RAW\" \"app_check_token_auto_refresh\")\n  if [[ $_APP_CHECK_TOKEN_AUTO_REFRESH ]]; then\n    _PLIST_ENTRY_KEYS+=(\"FirebaseAppCheckTokenAutoRefreshEnabled\")\n    _PLIST_ENTRY_TYPES+=(\"bool\")\n    _PLIST_ENTRY_VALUES+=(\"$(jsonBoolToYesNo \"$_APP_CHECK_TOKEN_AUTO_REFRESH\")\")\n  fi\n\n  # config.crashlytics_disable_auto_disabler - undocumented for now - mainly for debugging, document if becomes useful\n  _CRASHLYTICS_AUTO_DISABLE_ENABLED=$(getFirebaseJsonKeyValue \"$_JSON_OUTPUT_RAW\" \"crashlytics_disable_auto_disabler\")\n  if [[ $_CRASHLYTICS_AUTO_DISABLE_ENABLED == \"true\" ]]; then\n    echo \"Disabled Crashlytics auto disabler.\" # do nothing\n  else\n    _PLIST_ENTRY_KEYS+=(\"FirebaseCrashlyticsCollectionEnabled\")\n    _PLIST_ENTRY_TYPES+=(\"bool\")\n    _PLIST_ENTRY_VALUES+=(\"NO\")\n  fi\nelse\n  _PLIST_ENTRY_KEYS+=(\"firebase_json_raw\")\n  _PLIST_ENTRY_TYPES+=(\"string\")\n  _PLIST_ENTRY_VALUES+=(\"$_JSON_OUTPUT_BASE64\")\n  echo \"warning:   A firebase.json file was not found, whilst this file is optional it is recommended to include it to configure firebase services in React Native Firebase.\"\nfi;\n\necho \"info: 2) Injecting Info.plist entries: \"\n\n# Log out the keys we're adding\nfor i in \"${!_PLIST_ENTRY_KEYS[@]}\"; do\n  echo \"    ->  $i) ${_PLIST_ENTRY_KEYS[$i]}\" \"${_PLIST_ENTRY_TYPES[$i]}\" \"${_PLIST_ENTRY_VALUES[$i]}\"\ndone\n\nfor plist in \"${_TARGET_PLIST}\" \"${_DSYM_PLIST}\" ; do\n  if [[ -f \"${plist}\" ]]; then\n\n    # paths with spaces break the call to setPlistValue. temporarily modify\n    # the shell internal field separator variable (IFS), which normally\n    # includes spaces, to consist only of line breaks\n    oldifs=$IFS\n    IFS=\"\n\"\n\n    for i in \"${!_PLIST_ENTRY_KEYS[@]}\"; do\n      setPlistValue \"${_PLIST_ENTRY_KEYS[$i]}\" \"${_PLIST_ENTRY_TYPES[$i]}\" \"${_PLIST_ENTRY_VALUES[$i]}\" \"${plist}\"\n    done\n\n    # restore the original internal field separator value\n    IFS=$oldifs\n  else\n    echo \"warning:   A Info.plist build output file was not found (${plist})\"\n  fi\ndone\n\necho \"info: <- RNFB build script finished\"\n";
		};
		F550A3253F414A28B51EA4B4 /* [CP] Check Pods Manifest.lock */ = {
			isa = PBXShellScriptBuildPhase;
			buildActionMask = 2147483647;
			files = (
			);
			inputFileListPaths = (
			);
			inputPaths = (
				"${PODS_PODFILE_DIR_PATH}/Podfile.lock",
				"${PODS_ROOT}/Manifest.lock",
			);
			name = "[CP] Check Pods Manifest.lock";
			outputFileListPaths = (
			);
			outputPaths = (
				"$(DERIVED_FILE_DIR)/Pods-Khata_Book-checkManifestLockResult.txt",
			);
			runOnlyForDeploymentPostprocessing = 0;
			shellPath = /bin/sh;
			shellScript = "diff \"${PODS_PODFILE_DIR_PATH}/Podfile.lock\" \"${PODS_ROOT}/Manifest.lock\" > /dev/null\nif [ $? != 0 ] ; then\n    # print error to STDERR\n    echo \"error: The sandbox is not in sync with the Podfile.lock. Run 'pod install' or update your CocoaPods installation.\" >&2\n    exit 1\nfi\n# This output is used by Xcode 'outputs' to avoid re-running this script phase.\necho \"SUCCESS\" > \"${SCRIPT_OUTPUT_FILE_0}\"\n";
			showEnvVarsInLog = 0;
		};
		F875AEE46A50CCC1982317DB /* [CP] Embed Pods Frameworks */ = {
			isa = PBXShellScriptBuildPhase;
			buildActionMask = 2147483647;
			files = (
			);
			inputFileListPaths = (
				"${PODS_ROOT}/Target Support Files/Pods-Khata_Book/Pods-Khata_Book-frameworks-${CONFIGURATION}-input-files.xcfilelist",
			);
			name = "[CP] Embed Pods Frameworks";
			outputFileListPaths = (
				"${PODS_ROOT}/Target Support Files/Pods-Khata_Book/Pods-Khata_Book-frameworks-${CONFIGURATION}-output-files.xcfilelist",
			);
			runOnlyForDeploymentPostprocessing = 0;
			shellPath = /bin/sh;
			shellScript = "\"${PODS_ROOT}/Target Support Files/Pods-Khata_Book/Pods-Khata_Book-frameworks.sh\"\n";
			showEnvVarsInLog = 0;
		};
		FD10A7F022414F080027D42C /* Start Packager */ = {
			isa = PBXShellScriptBuildPhase;
			buildActionMask = 2147483647;
			files = (
			);
			inputFileListPaths = (
			);
			inputPaths = (
			);
			name = "Start Packager";
			outputFileListPaths = (
			);
			outputPaths = (
			);
			runOnlyForDeploymentPostprocessing = 0;
			shellPath = /bin/sh;
			shellScript = "export RCT_METRO_PORT=\"${RCT_METRO_PORT:=8081}\"\necho \"export RCT_METRO_PORT=${RCT_METRO_PORT}\" > \"${SRCROOT}/../node_modules/react-native/scripts/.packager.env\"\nif [ -z \"${RCT_NO_LAUNCH_PACKAGER+xxx}\" ] ; then\n  if nc -w 5 -z localhost ${RCT_METRO_PORT} ; then\n    if ! curl -s \"http://localhost:${RCT_METRO_PORT}/status\" | grep -q \"packager-status:running\" ; then\n      echo \"Port ${RCT_METRO_PORT} already in use, packager is either not running or not running correctly\"\n      exit 2\n    fi\n  else\n    open \"$SRCROOT/../node_modules/react-native/scripts/launchPackager.command\" || echo \"Can't start packager automatically\"\n  fi\nfi\n";
			showEnvVarsInLog = 0;
		};
/* End PBXShellScriptBuildPhase section */

/* Begin PBXSourcesBuildPhase section */
		00E356EA1AD99517003FC87E /* Sources */ = {
			isa = PBXSourcesBuildPhase;
			buildActionMask = 2147483647;
			files = (
				00E356F31AD99517003FC87E /* Khata_BookTests.m in Sources */,
			);
			runOnlyForDeploymentPostprocessing = 0;
		};
		13B07F871A680F5B00A75B9A /* Sources */ = {
			isa = PBXSourcesBuildPhase;
			buildActionMask = 2147483647;
			files = (
				13B07FBC1A68108700A75B9A /* AppDelegate.mm in Sources */,
				13B07FC11A68108700A75B9A /* main.m in Sources */,
			);
			runOnlyForDeploymentPostprocessing = 0;
		};
/* End PBXSourcesBuildPhase section */

/* Begin PBXTargetDependency section */
		00E356F51AD99517003FC87E /* PBXTargetDependency */ = {
			isa = PBXTargetDependency;
			target = 13B07F861A680F5B00A75B9A /* Khata_Book */;
			targetProxy = 00E356F41AD99517003FC87E /* PBXContainerItemProxy */;
		};
/* End PBXTargetDependency section */

/* Begin XCBuildConfiguration section */
		00E356F61AD99517003FC87E /* Debug */ = {
			isa = XCBuildConfiguration;
			baseConfigurationReference = 0800ED91A54E071103586003 /* Pods-Khata_Book-Khata_BookTests.debug.xcconfig */;
			buildSettings = {
				BUNDLE_LOADER = "$(TEST_HOST)";
				GCC_PREPROCESSOR_DEFINITIONS = (
					"DEBUG=1",
					"$(inherited)",
				);
				INFOPLIST_FILE = Khata_BookTests/Info.plist;
				IPHONEOS_DEPLOYMENT_TARGET = 12.4;
				LD_RUNPATH_SEARCH_PATHS = (
					"$(inherited)",
					"@executable_path/Frameworks",
					"@loader_path/Frameworks",
				);
				OTHER_LDFLAGS = (
					"-ObjC",
					"-lc++",
					"$(inherited)",
				);
				PRODUCT_BUNDLE_IDENTIFIER = "org.reactjs.native.example.$(PRODUCT_NAME:rfc1034identifier)";
				PRODUCT_NAME = "$(TARGET_NAME)";
				TEST_HOST = "$(BUILT_PRODUCTS_DIR)/Khata_Book.app/Khata_Book";
			};
			name = Debug;
		};
		00E356F71AD99517003FC87E /* Release */ = {
			isa = XCBuildConfiguration;
			baseConfigurationReference = A98ADB75B67AD43DBF28E80D /* Pods-Khata_Book-Khata_BookTests.release.xcconfig */;
			buildSettings = {
				BUNDLE_LOADER = "$(TEST_HOST)";
				COPY_PHASE_STRIP = NO;
				INFOPLIST_FILE = Khata_BookTests/Info.plist;
				IPHONEOS_DEPLOYMENT_TARGET = 12.4;
				LD_RUNPATH_SEARCH_PATHS = (
					"$(inherited)",
					"@executable_path/Frameworks",
					"@loader_path/Frameworks",
				);
				OTHER_LDFLAGS = (
					"-ObjC",
					"-lc++",
					"$(inherited)",
				);
				PRODUCT_BUNDLE_IDENTIFIER = "org.reactjs.native.example.$(PRODUCT_NAME:rfc1034identifier)";
				PRODUCT_NAME = "$(TARGET_NAME)";
				TEST_HOST = "$(BUILT_PRODUCTS_DIR)/Khata_Book.app/Khata_Book";
			};
			name = Release;
		};
		13B07F941A680F5B00A75B9A /* Debug */ = {
			isa = XCBuildConfiguration;
			baseConfigurationReference = 244A5364FBD48696BE56CD6A /* Pods-Khata_Book.debug.xcconfig */;
			buildSettings = {
				ASSETCATALOG_COMPILER_APPICON_NAME = AppIcon;
				CLANG_ENABLE_MODULES = YES;
				CURRENT_PROJECT_VERSION = 1;
				ENABLE_BITCODE = NO;
				INFOPLIST_FILE = Khata_Book/Info.plist;
				INFOPLIST_KEY_CFBundleDisplayName = com.khata_book;
				IPHONEOS_DEPLOYMENT_TARGET = 12.0;
				LD_RUNPATH_SEARCH_PATHS = (
					"$(inherited)",
					"@executable_path/Frameworks",
				);
				MARKETING_VERSION = 1.0;
				OTHER_LDFLAGS = (
					"$(inherited)",
					"-ObjC",
					"-lc++",
				);
				PRODUCT_BUNDLE_IDENTIFIER = "com.Khata-book";
				PRODUCT_NAME = Khata_Book;
				SWIFT_OPTIMIZATION_LEVEL = "-Onone";
				SWIFT_VERSION = 5.0;
				VERSIONING_SYSTEM = "apple-generic";
			};
			name = Debug;
		};
		13B07F951A680F5B00A75B9A /* Release */ = {
			isa = XCBuildConfiguration;
			baseConfigurationReference = 3085B6BC5EBA0B7C1E8C4683 /* Pods-Khata_Book.release.xcconfig */;
			buildSettings = {
				ASSETCATALOG_COMPILER_APPICON_NAME = AppIcon;
				CLANG_ENABLE_MODULES = YES;
				CURRENT_PROJECT_VERSION = 1;
				INFOPLIST_FILE = Khata_Book/Info.plist;
				INFOPLIST_KEY_CFBundleDisplayName = com.khata_book;
				IPHONEOS_DEPLOYMENT_TARGET = 12.0;
				LD_RUNPATH_SEARCH_PATHS = (
					"$(inherited)",
					"@executable_path/Frameworks",
				);
				MARKETING_VERSION = 1.0;
				OTHER_LDFLAGS = (
					"$(inherited)",
					"-ObjC",
					"-lc++",
				);
				PRODUCT_BUNDLE_IDENTIFIER = "com.Khata-book";
				PRODUCT_NAME = Khata_Book;
				SWIFT_VERSION = 5.0;
				VERSIONING_SYSTEM = "apple-generic";
			};
			name = Release;
		};
		83CBBA201A601CBA00E9B192 /* Debug */ = {
			isa = XCBuildConfiguration;
			buildSettings = {
				ALWAYS_SEARCH_USER_PATHS = NO;
				CC = "";
				CLANG_ANALYZER_LOCALIZABILITY_NONLOCALIZED = YES;
				CLANG_CXX_LANGUAGE_STANDARD = "c++20";
				CLANG_CXX_LIBRARY = "libc++";
				CLANG_ENABLE_MODULES = YES;
				CLANG_ENABLE_OBJC_ARC = YES;
				CLANG_WARN_BLOCK_CAPTURE_AUTORELEASING = YES;
				CLANG_WARN_BOOL_CONVERSION = YES;
				CLANG_WARN_COMMA = YES;
				CLANG_WARN_CONSTANT_CONVERSION = YES;
				CLANG_WARN_DEPRECATED_OBJC_IMPLEMENTATIONS = YES;
				CLANG_WARN_DIRECT_OBJC_ISA_USAGE = YES_ERROR;
				CLANG_WARN_EMPTY_BODY = YES;
				CLANG_WARN_ENUM_CONVERSION = YES;
				CLANG_WARN_INFINITE_RECURSION = YES;
				CLANG_WARN_INT_CONVERSION = YES;
				CLANG_WARN_NON_LITERAL_NULL_CONVERSION = YES;
				CLANG_WARN_OBJC_IMPLICIT_RETAIN_SELF = YES;
				CLANG_WARN_OBJC_LITERAL_CONVERSION = YES;
				CLANG_WARN_OBJC_ROOT_CLASS = YES_ERROR;
				CLANG_WARN_QUOTED_INCLUDE_IN_FRAMEWORK_HEADER = YES;
				CLANG_WARN_RANGE_LOOP_ANALYSIS = YES;
				CLANG_WARN_STRICT_PROTOTYPES = YES;
				CLANG_WARN_SUSPICIOUS_MOVE = YES;
				CLANG_WARN_UNREACHABLE_CODE = YES;
				CLANG_WARN__DUPLICATE_METHOD_MATCH = YES;
				"CODE_SIGN_IDENTITY[sdk=iphoneos*]" = "iPhone Developer";
				COPY_PHASE_STRIP = NO;
				CXX = "";
				ENABLE_STRICT_OBJC_MSGSEND = YES;
				ENABLE_TESTABILITY = YES;
				"EXCLUDED_ARCHS[sdk=iphonesimulator*]" = i386;
				GCC_C_LANGUAGE_STANDARD = gnu99;
				GCC_DYNAMIC_NO_PIC = NO;
				GCC_NO_COMMON_BLOCKS = YES;
				GCC_OPTIMIZATION_LEVEL = 0;
				GCC_PREPROCESSOR_DEFINITIONS = (
					"DEBUG=1",
					"$(inherited)",
				);
				GCC_SYMBOLS_PRIVATE_EXTERN = NO;
				GCC_WARN_64_TO_32_BIT_CONVERSION = YES;
				GCC_WARN_ABOUT_RETURN_TYPE = YES_ERROR;
				GCC_WARN_UNDECLARED_SELECTOR = YES;
				GCC_WARN_UNINITIALIZED_AUTOS = YES_AGGRESSIVE;
				GCC_WARN_UNUSED_FUNCTION = YES;
				GCC_WARN_UNUSED_VARIABLE = YES;
				HEADER_SEARCH_PATHS = (
					"$(inherited)",
					"${PODS_CONFIGURATION_BUILD_DIR}/ReactCommon/ReactCommon.framework/Headers",
					"${PODS_CONFIGURATION_BUILD_DIR}/ReactCommon/ReactCommon.framework/Headers/react/nativemodule/core",
					"${PODS_CONFIGURATION_BUILD_DIR}/ReactCommon-Samples/ReactCommon_Samples.framework/Headers",
					"${PODS_CONFIGURATION_BUILD_DIR}/ReactCommon-Samples/ReactCommon_Samples.framework/Headers/platform/ios",
					"${PODS_CONFIGURATION_BUILD_DIR}/React-Fabric/React_Fabric.framework/Headers/react/renderer/components/view/platform/cxx",
					"${PODS_CONFIGURATION_BUILD_DIR}/React-NativeModulesApple/React_NativeModulesApple.framework/Headers",
					"${PODS_CONFIGURATION_BUILD_DIR}/React-graphics/React_graphics.framework/Headers",
					"${PODS_CONFIGURATION_BUILD_DIR}/React-graphics/React_graphics.framework/Headers/react/renderer/graphics/platform/ios",
				);
				IPHONEOS_DEPLOYMENT_TARGET = 12.4;
				LD = "";
				LDPLUSPLUS = "";
				LD_RUNPATH_SEARCH_PATHS = (
					/usr/lib/swift,
					"$(inherited)",
				);
				LIBRARY_SEARCH_PATHS = (
					"\"$(SDKROOT)/usr/lib/swift\"",
					"\"$(TOOLCHAIN_DIR)/usr/lib/swift/$(PLATFORM_NAME)\"",
					"\"$(inherited)\"",
				);
				MTL_ENABLE_DEBUG_INFO = YES;
				ONLY_ACTIVE_ARCH = YES;
				OTHER_CPLUSPLUSFLAGS = (
					"$(OTHER_CFLAGS)",
					"-DFOLLY_NO_CONFIG",
					"-DFOLLY_MOBILE=1",
					"-DFOLLY_USE_LIBCPP=1",
				);
				OTHER_LDFLAGS = (
					"$(inherited)",
					" ",
				);
				REACT_NATIVE_PATH = "${PODS_ROOT}/../../node_modules/react-native";
				SDKROOT = iphoneos;
				SWIFT_ACTIVE_COMPILATION_CONDITIONS = "$(inherited) DEBUG";
				USE_HERMES = true;
			};
			name = Debug;
		};
		83CBBA211A601CBA00E9B192 /* Release */ = {
			isa = XCBuildConfiguration;
			buildSettings = {
				ALWAYS_SEARCH_USER_PATHS = NO;
				CC = "";
				CLANG_ANALYZER_LOCALIZABILITY_NONLOCALIZED = YES;
				CLANG_CXX_LANGUAGE_STANDARD = "c++20";
				CLANG_CXX_LIBRARY = "libc++";
				CLANG_ENABLE_MODULES = YES;
				CLANG_ENABLE_OBJC_ARC = YES;
				CLANG_WARN_BLOCK_CAPTURE_AUTORELEASING = YES;
				CLANG_WARN_BOOL_CONVERSION = YES;
				CLANG_WARN_COMMA = YES;
				CLANG_WARN_CONSTANT_CONVERSION = YES;
				CLANG_WARN_DEPRECATED_OBJC_IMPLEMENTATIONS = YES;
				CLANG_WARN_DIRECT_OBJC_ISA_USAGE = YES_ERROR;
				CLANG_WARN_EMPTY_BODY = YES;
				CLANG_WARN_ENUM_CONVERSION = YES;
				CLANG_WARN_INFINITE_RECURSION = YES;
				CLANG_WARN_INT_CONVERSION = YES;
				CLANG_WARN_NON_LITERAL_NULL_CONVERSION = YES;
				CLANG_WARN_OBJC_IMPLICIT_RETAIN_SELF = YES;
				CLANG_WARN_OBJC_LITERAL_CONVERSION = YES;
				CLANG_WARN_OBJC_ROOT_CLASS = YES_ERROR;
				CLANG_WARN_QUOTED_INCLUDE_IN_FRAMEWORK_HEADER = YES;
				CLANG_WARN_RANGE_LOOP_ANALYSIS = YES;
				CLANG_WARN_STRICT_PROTOTYPES = YES;
				CLANG_WARN_SUSPICIOUS_MOVE = YES;
				CLANG_WARN_UNREACHABLE_CODE = YES;
				CLANG_WARN__DUPLICATE_METHOD_MATCH = YES;
				"CODE_SIGN_IDENTITY[sdk=iphoneos*]" = "iPhone Developer";
				COPY_PHASE_STRIP = YES;
				CXX = "";
				ENABLE_NS_ASSERTIONS = NO;
				ENABLE_STRICT_OBJC_MSGSEND = YES;
				"EXCLUDED_ARCHS[sdk=iphonesimulator*]" = i386;
				GCC_C_LANGUAGE_STANDARD = gnu99;
				GCC_NO_COMMON_BLOCKS = YES;
				GCC_WARN_64_TO_32_BIT_CONVERSION = YES;
				GCC_WARN_ABOUT_RETURN_TYPE = YES_ERROR;
				GCC_WARN_UNDECLARED_SELECTOR = YES;
				GCC_WARN_UNINITIALIZED_AUTOS = YES_AGGRESSIVE;
				GCC_WARN_UNUSED_FUNCTION = YES;
				GCC_WARN_UNUSED_VARIABLE = YES;
				HEADER_SEARCH_PATHS = (
					"$(inherited)",
					"${PODS_CONFIGURATION_BUILD_DIR}/ReactCommon/ReactCommon.framework/Headers",
					"${PODS_CONFIGURATION_BUILD_DIR}/ReactCommon/ReactCommon.framework/Headers/react/nativemodule/core",
					"${PODS_CONFIGURATION_BUILD_DIR}/ReactCommon-Samples/ReactCommon_Samples.framework/Headers",
					"${PODS_CONFIGURATION_BUILD_DIR}/ReactCommon-Samples/ReactCommon_Samples.framework/Headers/platform/ios",
					"${PODS_CONFIGURATION_BUILD_DIR}/React-Fabric/React_Fabric.framework/Headers/react/renderer/components/view/platform/cxx",
					"${PODS_CONFIGURATION_BUILD_DIR}/React-NativeModulesApple/React_NativeModulesApple.framework/Headers",
					"${PODS_CONFIGURATION_BUILD_DIR}/React-graphics/React_graphics.framework/Headers",
					"${PODS_CONFIGURATION_BUILD_DIR}/React-graphics/React_graphics.framework/Headers/react/renderer/graphics/platform/ios",
				);
				IPHONEOS_DEPLOYMENT_TARGET = 12.4;
				LD = "";
				LDPLUSPLUS = "";
				LD_RUNPATH_SEARCH_PATHS = (
					/usr/lib/swift,
					"$(inherited)",
				);
				LIBRARY_SEARCH_PATHS = (
					"\"$(SDKROOT)/usr/lib/swift\"",
					"\"$(TOOLCHAIN_DIR)/usr/lib/swift/$(PLATFORM_NAME)\"",
					"\"$(inherited)\"",
				);
				MTL_ENABLE_DEBUG_INFO = NO;
				OTHER_CPLUSPLUSFLAGS = (
					"$(OTHER_CFLAGS)",
					"-DFOLLY_NO_CONFIG",
					"-DFOLLY_MOBILE=1",
					"-DFOLLY_USE_LIBCPP=1",
				);
				OTHER_LDFLAGS = (
					"$(inherited)",
					" ",
				);
				REACT_NATIVE_PATH = "${PODS_ROOT}/../../node_modules/react-native";
				SDKROOT = iphoneos;
				USE_HERMES = true;
				VALIDATE_PRODUCT = YES;
			};
			name = Release;
		};
/* End XCBuildConfiguration section */

/* Begin XCConfigurationList section */
		00E357021AD99517003FC87E /* Build configuration list for PBXNativeTarget "Khata_BookTests" */ = {
			isa = XCConfigurationList;
			buildConfigurations = (
				00E356F61AD99517003FC87E /* Debug */,
				00E356F71AD99517003FC87E /* Release */,
			);
			defaultConfigurationIsVisible = 0;
			defaultConfigurationName = Release;
		};
		13B07F931A680F5B00A75B9A /* Build configuration list for PBXNativeTarget "Khata_Book" */ = {
			isa = XCConfigurationList;
			buildConfigurations = (
				13B07F941A680F5B00A75B9A /* Debug */,
				13B07F951A680F5B00A75B9A /* Release */,
			);
			defaultConfigurationIsVisible = 0;
			defaultConfigurationName = Release;
		};
		83CBB9FA1A601CBA00E9B192 /* Build configuration list for PBXProject "Khata_Book" */ = {
			isa = XCConfigurationList;
			buildConfigurations = (
				83CBBA201A601CBA00E9B192 /* Debug */,
				83CBBA211A601CBA00E9B192 /* Release */,
			);
			defaultConfigurationIsVisible = 0;
			defaultConfigurationName = Release;
		};
/* End XCConfigurationList section */
	};
	rootObject = 83CBB9F71A601CBA00E9B192 /* Project object */;
}
